
Microsoft Visual Studio Solution File, Format Version 12.00
# Visual Studio Version 17
VisualStudioVersion = 17.14.36616.10 d17.14
MinimumVisualStudioVersion = 10.0.40219.1
Project("{FAE04EC0-301F-11D3-BF4B-00C04F79EFBC}") = "FunctionalDesignExample", "FunctionalDesignExample\FunctionalDesignExample.csproj", "{B063DDF5-410C-4B6B-B461-30DFF56BDF6C}"
EndProject
Global
	GlobalSection(SolutionConfigurationPlatforms) = preSolution
		Debug|Any CPU = Debug|Any CPU
		Release|Any CPU = Release|Any CPU
	EndGlobalSection
	GlobalSection(ProjectConfigurationPlatforms) = postSolution
		{B063DDF5-410C-4B6B-B461-30DFF56BDF6C}.Debug|Any CPU.ActiveCfg = Debug|Any CPU
		{B063DDF5-410C-4B6B-B461-30DFF56BDF6C}.Debug|Any CPU.Build.0 = Debug|Any CPU
		{B063DDF5-410C-4B6B-B461-30DFF56BDF6C}.Release|Any CPU.ActiveCfg = Release|Any CPU
		{B063DDF5-410C-4B6B-B461-30DFF56BDF6C}.Release|Any CPU.Build.0 = Release|Any CPU
	EndGlobalSection
	GlobalSection(SolutionProperties) = preSolution
		HideSolutionNode = FALSE
	EndGlobalSection
	GlobalSection(ExtensibilityGlobals) = postSolution
		SolutionGuid = {6CB1B3BD-A78F-4273-9160-42C994503DBF}
	EndGlobalSection
EndGlobal
