
Microsoft Visual Studio Solution File, Format Version 12.00
# Visual Studio Version 17
VisualStudioVersion = 17.14.36616.10 d17.14
MinimumVisualStudioVersion = 10.0.40219.1
Project("{FAE04EC0-301F-11D3-BF4B-00C04F79EFBC}") = "FactoryMethodExample", "FactoryMethodExample\FactoryMethodExample.csproj", "{3D6F2877-A214-401D-99C2-E3412585F1FA}"
EndProject
Global
	GlobalSection(SolutionConfigurationPlatforms) = preSolution
		Debug|Any CPU = Debug|Any CPU
		Release|Any CPU = Release|Any CPU
	EndGlobalSection
	GlobalSection(ProjectConfigurationPlatforms) = postSolution
		{3D6F2877-A214-401D-99C2-E3412585F1FA}.Debug|Any CPU.ActiveCfg = Debug|Any CPU
		{3D6F2877-A214-401D-99C2-E3412585F1FA}.Debug|Any CPU.Build.0 = Debug|Any CPU
		{3D6F2877-A214-401D-99C2-E3412585F1FA}.Release|Any CPU.ActiveCfg = Release|Any CPU
		{3D6F2877-A214-401D-99C2-E3412585F1FA}.Release|Any CPU.Build.0 = Release|Any CPU
	EndGlobalSection
	GlobalSection(SolutionProperties) = preSolution
		HideSolutionNode = FALSE
	EndGlobalSection
	GlobalSection(ExtensibilityGlobals) = postSolution
		SolutionGuid = {AF3CE8DC-4781-4323-A14B-56F91C6E0279}
	EndGlobalSection
EndGlobal
