
Microsoft Visual Studio Solution File, Format Version 12.00
# Visual Studio Version 17
VisualStudioVersion = 17.14.36616.10 d17.14
MinimumVisualStudioVersion = 10.0.40219.1
Project("{FAE04EC0-301F-11D3-BF4B-00C04F79EFBC}") = "BuilderExample", "BuilderExample\BuilderExample.csproj", "{F350B39D-6C2B-4F9B-8974-5EFC3E0E6010}"
EndProject
Global
	GlobalSection(SolutionConfigurationPlatforms) = preSolution
		Debug|Any CPU = Debug|Any CPU
		Release|Any CPU = Release|Any CPU
	EndGlobalSection
	GlobalSection(ProjectConfigurationPlatforms) = postSolution
		{F350B39D-6C2B-4F9B-8974-5EFC3E0E6010}.Debug|Any CPU.ActiveCfg = Debug|Any CPU
		{F350B39D-6C2B-4F9B-8974-5EFC3E0E6010}.Debug|Any CPU.Build.0 = Debug|Any CPU
		{F350B39D-6C2B-4F9B-8974-5EFC3E0E6010}.Release|Any CPU.ActiveCfg = Release|Any CPU
		{F350B39D-6C2B-4F9B-8974-5EFC3E0E6010}.Release|Any CPU.Build.0 = Release|Any CPU
	EndGlobalSection
	GlobalSection(SolutionProperties) = preSolution
		HideSolutionNode = FALSE
	EndGlobalSection
	GlobalSection(ExtensibilityGlobals) = postSolution
		SolutionGuid = {94B1E688-D012-4104-94E9-04220F4D8DEA}
	EndGlobalSection
EndGlobal
