
Microsoft Visual Studio Solution File, Format Version 12.00
# Visual Studio Version 17
VisualStudioVersion = 17.14.36616.10 d17.14
MinimumVisualStudioVersion = 10.0.40219.1
Project("{FAE04EC0-301F-11D3-BF4B-00C04F79EFBC}") = "PropertyСontainerExample", "PropertyСontainerExample\PropertyСontainerExample.csproj", "{1670B8D3-46F3-4077-848E-74E2CC262052}"
EndProject
Global
	GlobalSection(SolutionConfigurationPlatforms) = preSolution
		Debug|Any CPU = Debug|Any CPU
		Release|Any CPU = Release|Any CPU
	EndGlobalSection
	GlobalSection(ProjectConfigurationPlatforms) = postSolution
		{1670B8D3-46F3-4077-848E-74E2CC262052}.Debug|Any CPU.ActiveCfg = Debug|Any CPU
		{1670B8D3-46F3-4077-848E-74E2CC262052}.Debug|Any CPU.Build.0 = Debug|Any CPU
		{1670B8D3-46F3-4077-848E-74E2CC262052}.Release|Any CPU.ActiveCfg = Release|Any CPU
		{1670B8D3-46F3-4077-848E-74E2CC262052}.Release|Any CPU.Build.0 = Release|Any CPU
	EndGlobalSection
	GlobalSection(SolutionProperties) = preSolution
		HideSolutionNode = FALSE
	EndGlobalSection
	GlobalSection(ExtensibilityGlobals) = postSolution
		SolutionGuid = {EEE3212B-18BD-4367-B465-4B1EBF29D360}
	EndGlobalSection
EndGlobal
